
Microsoft Visual Studio Solution File, Format Version 12.00
# Visual Studio Version 16
VisualStudioVersion = 16.0.29102.190
MinimumVisualStudioVersion = 10.0.40219.1
Project("{FAE04EC0-301F-11D3-BF4B-00C04F79EFBC}") = "Epam.FinalProject.Forum", "Epam.FinalProject.Forum\Epam.FinalProject.Forum.csproj", "{0B506BBB-29E1-42E2-A54A-F6E3ADB0B381}"
EndProject
Global
	GlobalSection(SolutionConfigurationPlatforms) = preSolution
		Debug|Any CPU = Debug|Any CPU
		Release|Any CPU = Release|Any CPU
	EndGlobalSection
	GlobalSection(ProjectConfigurationPlatforms) = postSolution
		{0B506BBB-29E1-42E2-A54A-F6E3ADB0B381}.Debug|Any CPU.ActiveCfg = Debug|Any CPU
		{0B506BBB-29E1-42E2-A54A-F6E3ADB0B381}.Debug|Any CPU.Build.0 = Debug|Any CPU
		{0B506BBB-29E1-42E2-A54A-F6E3ADB0B381}.Release|Any CPU.ActiveCfg = Release|Any CPU
		{0B506BBB-29E1-42E2-A54A-F6E3ADB0B381}.Release|Any CPU.Build.0 = Release|Any CPU
	EndGlobalSection
	GlobalSection(SolutionProperties) = preSolution
		HideSolutionNode = FALSE
	EndGlobalSection
	GlobalSection(ExtensibilityGlobals) = postSolution
		SolutionGuid = {5AD78C70-DA1A-4C66-B05C-21FF81F10D1E}
	EndGlobalSection
EndGlobal
