
Microsoft Visual Studio Solution File, Format Version 12.00
# Visual Studio Version 16
VisualStudioVersion = 16.0.29102.190
MinimumVisualStudioVersion = 10.0.40219.1
Project("{FAE04EC0-301F-11D3-BF4B-00C04F79EFBC}") = "Epam.FinalProject.WebUI", "Epam.FinalProject.Forum\Epam.FinalProject.WebUI.csproj", "{0B506BBB-29E1-42E2-A54A-F6E3ADB0B381}"
EndProject
Project("{2150E333-8FDC-42A3-9474-1A3956D46DE8}") = "DAL", "DAL", "{DB7F8659-E37B-40BC-A1D3-46671AC97439}"
EndProject
Project("{2150E333-8FDC-42A3-9474-1A3956D46DE8}") = "BLL", "BLL", "{933557BD-F486-4D30-9923-8E6972ED2072}"
EndProject
Project("{2150E333-8FDC-42A3-9474-1A3956D46DE8}") = "PL", "PL", "{762913C5-E8CC-402E-B654-C469A44EDC4F}"
EndProject
Project("{2150E333-8FDC-42A3-9474-1A3956D46DE8}") = "Shared", "Shared", "{C0A6222B-691A-427E-AD2A-DA09488BAE21}"
EndProject
Project("{FAE04EC0-301F-11D3-BF4B-00C04F79EFBC}") = "Epam.FinalProject.Entites", "Epam.FinalProject.Entites\Epam.FinalProject.Entites.csproj", "{222D1510-BE78-4E9F-BED5-1D18F1D8708F}"
EndProject
Project("{FAE04EC0-301F-11D3-BF4B-00C04F79EFBC}") = "Epam.FinalProject.Common", "Epam.FinalProject.Common\Epam.FinalProject.Common.csproj", "{7F0EC25F-7A44-4328-9AA3-15A6A30319FA}"
EndProject
Project("{FAE04EC0-301F-11D3-BF4B-00C04F79EFBC}") = "Epam.FinalProject.AbstractDAL", "Epam.FinalProject.AbstractDAL\Epam.FinalProject.AbstractDAL.csproj", "{03F1887B-D7A4-4E7D-920F-9AABA5CEB5A9}"
EndProject
Project("{FAE04EC0-301F-11D3-BF4B-00C04F79EFBC}") = "Epam.FinalProject.DAL", "Epam.FinalProject.DAL\Epam.FinalProject.DAL.csproj", "{4717A3D6-2CB4-45EB-9600-8047426C89EA}"
EndProject
Project("{FAE04EC0-301F-11D3-BF4B-00C04F79EFBC}") = "Epam.FinalProject.AbstractBLL", "Epam.FinalProject.AbstractBLL\Epam.FinalProject.AbstractBLL.csproj", "{36BC0F09-6266-43DE-909C-47DC6023CE7A}"
EndProject
Project("{FAE04EC0-301F-11D3-BF4B-00C04F79EFBC}") = "Epam.FinalProject.BLL", "Epam.FinalProject.BLL\Epam.FinalProject.BLL.csproj", "{A543AEB8-CB3C-4820-A529-E39330DCF532}"
EndProject
Global
	GlobalSection(SolutionConfigurationPlatforms) = preSolution
		Debug|Any CPU = Debug|Any CPU
		Release|Any CPU = Release|Any CPU
	EndGlobalSection
	GlobalSection(ProjectConfigurationPlatforms) = postSolution
		{0B506BBB-29E1-42E2-A54A-F6E3ADB0B381}.Debug|Any CPU.ActiveCfg = Debug|Any CPU
		{0B506BBB-29E1-42E2-A54A-F6E3ADB0B381}.Debug|Any CPU.Build.0 = Debug|Any CPU
		{0B506BBB-29E1-42E2-A54A-F6E3ADB0B381}.Release|Any CPU.ActiveCfg = Release|Any CPU
		{0B506BBB-29E1-42E2-A54A-F6E3ADB0B381}.Release|Any CPU.Build.0 = Release|Any CPU
		{222D1510-BE78-4E9F-BED5-1D18F1D8708F}.Debug|Any CPU.ActiveCfg = Debug|Any CPU
		{222D1510-BE78-4E9F-BED5-1D18F1D8708F}.Debug|Any CPU.Build.0 = Debug|Any CPU
		{222D1510-BE78-4E9F-BED5-1D18F1D8708F}.Release|Any CPU.ActiveCfg = Release|Any CPU
		{222D1510-BE78-4E9F-BED5-1D18F1D8708F}.Release|Any CPU.Build.0 = Release|Any CPU
		{7F0EC25F-7A44-4328-9AA3-15A6A30319FA}.Debug|Any CPU.ActiveCfg = Debug|Any CPU
		{7F0EC25F-7A44-4328-9AA3-15A6A30319FA}.Debug|Any CPU.Build.0 = Debug|Any CPU
		{7F0EC25F-7A44-4328-9AA3-15A6A30319FA}.Release|Any CPU.ActiveCfg = Release|Any CPU
		{7F0EC25F-7A44-4328-9AA3-15A6A30319FA}.Release|Any CPU.Build.0 = Release|Any CPU
		{03F1887B-D7A4-4E7D-920F-9AABA5CEB5A9}.Debug|Any CPU.ActiveCfg = Debug|Any CPU
		{03F1887B-D7A4-4E7D-920F-9AABA5CEB5A9}.Debug|Any CPU.Build.0 = Debug|Any CPU
		{03F1887B-D7A4-4E7D-920F-9AABA5CEB5A9}.Release|Any CPU.ActiveCfg = Release|Any CPU
		{03F1887B-D7A4-4E7D-920F-9AABA5CEB5A9}.Release|Any CPU.Build.0 = Release|Any CPU
		{4717A3D6-2CB4-45EB-9600-8047426C89EA}.Debug|Any CPU.ActiveCfg = Debug|Any CPU
		{4717A3D6-2CB4-45EB-9600-8047426C89EA}.Debug|Any CPU.Build.0 = Debug|Any CPU
		{4717A3D6-2CB4-45EB-9600-8047426C89EA}.Release|Any CPU.ActiveCfg = Release|Any CPU
		{4717A3D6-2CB4-45EB-9600-8047426C89EA}.Release|Any CPU.Build.0 = Release|Any CPU
		{36BC0F09-6266-43DE-909C-47DC6023CE7A}.Debug|Any CPU.ActiveCfg = Debug|Any CPU
		{36BC0F09-6266-43DE-909C-47DC6023CE7A}.Debug|Any CPU.Build.0 = Debug|Any CPU
		{36BC0F09-6266-43DE-909C-47DC6023CE7A}.Release|Any CPU.ActiveCfg = Release|Any CPU
		{36BC0F09-6266-43DE-909C-47DC6023CE7A}.Release|Any CPU.Build.0 = Release|Any CPU
		{A543AEB8-CB3C-4820-A529-E39330DCF532}.Debug|Any CPU.ActiveCfg = Debug|Any CPU
		{A543AEB8-CB3C-4820-A529-E39330DCF532}.Debug|Any CPU.Build.0 = Debug|Any CPU
		{A543AEB8-CB3C-4820-A529-E39330DCF532}.Release|Any CPU.ActiveCfg = Release|Any CPU
		{A543AEB8-CB3C-4820-A529-E39330DCF532}.Release|Any CPU.Build.0 = Release|Any CPU
	EndGlobalSection
	GlobalSection(SolutionProperties) = preSolution
		HideSolutionNode = FALSE
	EndGlobalSection
	GlobalSection(NestedProjects) = preSolution
		{0B506BBB-29E1-42E2-A54A-F6E3ADB0B381} = {762913C5-E8CC-402E-B654-C469A44EDC4F}
		{222D1510-BE78-4E9F-BED5-1D18F1D8708F} = {C0A6222B-691A-427E-AD2A-DA09488BAE21}
		{7F0EC25F-7A44-4328-9AA3-15A6A30319FA} = {C0A6222B-691A-427E-AD2A-DA09488BAE21}
		{03F1887B-D7A4-4E7D-920F-9AABA5CEB5A9} = {DB7F8659-E37B-40BC-A1D3-46671AC97439}
		{4717A3D6-2CB4-45EB-9600-8047426C89EA} = {DB7F8659-E37B-40BC-A1D3-46671AC97439}
		{36BC0F09-6266-43DE-909C-47DC6023CE7A} = {933557BD-F486-4D30-9923-8E6972ED2072}
		{A543AEB8-CB3C-4820-A529-E39330DCF532} = {933557BD-F486-4D30-9923-8E6972ED2072}
	EndGlobalSection
	GlobalSection(ExtensibilityGlobals) = postSolution
		SolutionGuid = {5AD78C70-DA1A-4C66-B05C-21FF81F10D1E}
	EndGlobalSection
EndGlobal
