
Microsoft Visual Studio Solution File, Format Version 12.00
# Visual Studio Version 16
VisualStudioVersion = 16.0.29102.190
MinimumVisualStudioVersion = 10.0.40219.1
Project("{FAE04EC0-301F-11D3-BF4B-00C04F79EFBC}") = "DesignPatterns.PL", "PL\DesignPatterns.PL.csproj", "{BE590985-5439-491D-A3A3-0C672C518628}"
EndProject
Project("{FAE04EC0-301F-11D3-BF4B-00C04F79EFBC}") = "DesignPatterns.BLL", "BLL\DesignPatterns.BLL.csproj", "{664A7E61-FDED-4607-9E42-2B98FFCF8DEC}"
EndProject
Project("{FAE04EC0-301F-11D3-BF4B-00C04F79EFBC}") = "DesignPatterns.DAL", "DAL\DesignPatterns.DAL.csproj", "{B9900743-0EE5-49C3-8ABC-A1B5D300408E}"
EndProject
Project("{FAE04EC0-301F-11D3-BF4B-00C04F79EFBC}") = "DesignPatterns.Entities", "Entities\DesignPatterns.Entities.csproj", "{3371CC0E-5FB7-4DE0-A84B-FB4DF6BB1E03}"
EndProject
Project("{2150E333-8FDC-42A3-9474-1A3956D46DE8}") = "BLL", "BLL", "{358AB8D0-6717-4DEA-BA00-CEB890890B1B}"
EndProject
Project("{2150E333-8FDC-42A3-9474-1A3956D46DE8}") = "DAL", "DAL", "{BBC30F7A-05DA-41B8-83B2-63A735FE351E}"
EndProject
Project("{2150E333-8FDC-42A3-9474-1A3956D46DE8}") = "PL", "PL", "{D1E7648F-A9CE-4D4F-B60B-A0107C99BCFD}"
EndProject
Project("{2150E333-8FDC-42A3-9474-1A3956D46DE8}") = "Common", "Common", "{8668E20C-6D0D-486F-85CF-1A51F5BCA97B}"
EndProject
Project("{FAE04EC0-301F-11D3-BF4B-00C04F79EFBC}") = "DesignPatterns.Common", "DesignPatterns.Common\DesignPatterns.Common.csproj", "{8DDF2BC4-BCA7-47C2-BADA-0BEBD15822F0}"
EndProject
Global
	GlobalSection(SolutionConfigurationPlatforms) = preSolution
		Debug|Any CPU = Debug|Any CPU
		Release|Any CPU = Release|Any CPU
	EndGlobalSection
	GlobalSection(ProjectConfigurationPlatforms) = postSolution
		{BE590985-5439-491D-A3A3-0C672C518628}.Debug|Any CPU.ActiveCfg = Debug|Any CPU
		{BE590985-5439-491D-A3A3-0C672C518628}.Debug|Any CPU.Build.0 = Debug|Any CPU
		{BE590985-5439-491D-A3A3-0C672C518628}.Release|Any CPU.ActiveCfg = Release|Any CPU
		{BE590985-5439-491D-A3A3-0C672C518628}.Release|Any CPU.Build.0 = Release|Any CPU
		{664A7E61-FDED-4607-9E42-2B98FFCF8DEC}.Debug|Any CPU.ActiveCfg = Debug|Any CPU
		{664A7E61-FDED-4607-9E42-2B98FFCF8DEC}.Debug|Any CPU.Build.0 = Debug|Any CPU
		{664A7E61-FDED-4607-9E42-2B98FFCF8DEC}.Release|Any CPU.ActiveCfg = Release|Any CPU
		{664A7E61-FDED-4607-9E42-2B98FFCF8DEC}.Release|Any CPU.Build.0 = Release|Any CPU
		{B9900743-0EE5-49C3-8ABC-A1B5D300408E}.Debug|Any CPU.ActiveCfg = Debug|Any CPU
		{B9900743-0EE5-49C3-8ABC-A1B5D300408E}.Debug|Any CPU.Build.0 = Debug|Any CPU
		{B9900743-0EE5-49C3-8ABC-A1B5D300408E}.Release|Any CPU.ActiveCfg = Release|Any CPU
		{B9900743-0EE5-49C3-8ABC-A1B5D300408E}.Release|Any CPU.Build.0 = Release|Any CPU
		{3371CC0E-5FB7-4DE0-A84B-FB4DF6BB1E03}.Debug|Any CPU.ActiveCfg = Debug|Any CPU
		{3371CC0E-5FB7-4DE0-A84B-FB4DF6BB1E03}.Debug|Any CPU.Build.0 = Debug|Any CPU
		{3371CC0E-5FB7-4DE0-A84B-FB4DF6BB1E03}.Release|Any CPU.ActiveCfg = Release|Any CPU
		{3371CC0E-5FB7-4DE0-A84B-FB4DF6BB1E03}.Release|Any CPU.Build.0 = Release|Any CPU
		{8DDF2BC4-BCA7-47C2-BADA-0BEBD15822F0}.Debug|Any CPU.ActiveCfg = Debug|Any CPU
		{8DDF2BC4-BCA7-47C2-BADA-0BEBD15822F0}.Debug|Any CPU.Build.0 = Debug|Any CPU
		{8DDF2BC4-BCA7-47C2-BADA-0BEBD15822F0}.Release|Any CPU.ActiveCfg = Release|Any CPU
		{8DDF2BC4-BCA7-47C2-BADA-0BEBD15822F0}.Release|Any CPU.Build.0 = Release|Any CPU
	EndGlobalSection
	GlobalSection(SolutionProperties) = preSolution
		HideSolutionNode = FALSE
	EndGlobalSection
	GlobalSection(NestedProjects) = preSolution
		{BE590985-5439-491D-A3A3-0C672C518628} = {D1E7648F-A9CE-4D4F-B60B-A0107C99BCFD}
		{664A7E61-FDED-4607-9E42-2B98FFCF8DEC} = {358AB8D0-6717-4DEA-BA00-CEB890890B1B}
		{B9900743-0EE5-49C3-8ABC-A1B5D300408E} = {BBC30F7A-05DA-41B8-83B2-63A735FE351E}
		{3371CC0E-5FB7-4DE0-A84B-FB4DF6BB1E03} = {8668E20C-6D0D-486F-85CF-1A51F5BCA97B}
		{8DDF2BC4-BCA7-47C2-BADA-0BEBD15822F0} = {8668E20C-6D0D-486F-85CF-1A51F5BCA97B}
	EndGlobalSection
	GlobalSection(ExtensibilityGlobals) = postSolution
		SolutionGuid = {FED466BD-097F-4925-A980-5261BA7ECF0F}
	EndGlobalSection
EndGlobal
