
Microsoft Visual Studio Solution File, Format Version 12.00
# Visual Studio Version 16
VisualStudioVersion = 16.0.29102.190
MinimumVisualStudioVersion = 10.0.40219.1
Project("{FAE04EC0-301F-11D3-BF4B-00C04F79EFBC}") = "Epam.Task5.BackupSystem", "Epam.Task5.BackupSystem\Epam.Task5.BackupSystem.csproj", "{319E3D60-A713-4E15-BF1B-372AC1663BED}"
EndProject
Global
	GlobalSection(SolutionConfigurationPlatforms) = preSolution
		Debug|Any CPU = Debug|Any CPU
		Release|Any CPU = Release|Any CPU
	EndGlobalSection
	GlobalSection(ProjectConfigurationPlatforms) = postSolution
		{319E3D60-A713-4E15-BF1B-372AC1663BED}.Debug|Any CPU.ActiveCfg = Debug|Any CPU
		{319E3D60-A713-4E15-BF1B-372AC1663BED}.Debug|Any CPU.Build.0 = Debug|Any CPU
		{319E3D60-A713-4E15-BF1B-372AC1663BED}.Release|Any CPU.ActiveCfg = Release|Any CPU
		{319E3D60-A713-4E15-BF1B-372AC1663BED}.Release|Any CPU.Build.0 = Release|Any CPU
	EndGlobalSection
	GlobalSection(SolutionProperties) = preSolution
		HideSolutionNode = FALSE
	EndGlobalSection
	GlobalSection(ExtensibilityGlobals) = postSolution
		SolutionGuid = {E8468BE4-6E8E-4CA5-A785-ABB83B1F32BF}
	EndGlobalSection
EndGlobal
